<?xml version="1.0" encoding="UTF-8"?>
<!DOCTYPE plist PUBLIC "-//Apple//DTD PLIST 1.0//EN" "http://www.apple.com/DTDs/PropertyList-1.0.dtd">
<plist version="1.0">
<dict>
	<key>archiveVersion</key>
	<string>1</string>
	<key>classes</key>
	<dict/>
	<key>objectVersion</key>
	<string>46</string>
	<key>objects</key>
	<dict>
		<key>3555EC600AF44DD8B6B09C33</key>
		<dict>
			<key>includeInIndex</key>
			<string>1</string>
			<key>isa</key>
			<string>PBXFileReference</string>
			<key>lastKnownFileType</key>
			<string>text.xcconfig</string>
			<key>name</key>
			<string>Pods.xcconfig</string>
			<key>path</key>
			<string>Pods/Pods.xcconfig</string>
			<key>sourceTree</key>
			<string>SOURCE_ROOT</string>
		</dict>
		<key>3686707659AC63BB66551C2E</key>
		<dict>
			<key>isa</key>
			<string>PBXFileReference</string>
			<key>lastKnownFileType</key>
			<string>sourcecode.c.h</string>
			<key>path</key>
			<string>AppDelegate.h</string>
			<key>sourceTree</key>
			<string>&lt;group&gt;</string>
		</dict>
		<key>368670D0746D3C701E421D37</key>
		<dict>
			<key>isa</key>
			<string>PBXFileReference</string>
			<key>lastKnownFileType</key>
			<string>text.plist.strings</string>
			<key>name</key>
			<string>en</string>
			<key>path</key>
			<string>en.lproj/InfoPlist.strings</string>
			<key>sourceTree</key>
			<string>&lt;group&gt;</string>
		</dict>
		<key>368670D3617775D85A04C03E</key>
		<dict>
			<key>fileRef</key>
			<string>36867604683A3A1C22270278</string>
			<key>isa</key>
			<string>PBXBuildFile</string>
		</dict>
		<key>36867141E3B867EF46E1DBB7</key>
		<dict>
			<key>explicitFileType</key>
			<string>wrapper.cfbundle</string>
			<key>includeInIndex</key>
			<string>0</string>
			<key>isa</key>
			<string>PBXFileReference</string>
			<key>path</key>
			<string>iOS-AnimationTests.octest</string>
			<key>sourceTree</key>
			<string>BUILT_PRODUCTS_DIR</string>
		</dict>
		<key>36867162EB9E2263A9F3CA31</key>
		<dict>
			<key>fileRef</key>
			<string>36867ED03F16A542C748F93C</string>
			<key>isa</key>
			<string>PBXBuildFile</string>
		</dict>
		<key>3686718FBA737D924A082D81</key>
		<dict>
			<key>children</key>
			<array>
				<string>36867939DCEBC8D1CC3F0113</string>
				<string>36867AD5A2A6C3A3F14EBE51</string>
			</array>
			<key>isa</key>
			<string>PBXGroup</string>
			<key>name</key>
			<string>Supporting Files</string>
			<key>sourceTree</key>
			<string>&lt;group&gt;</string>
		</dict>
		<key>368671B67EC4237D688A6EF0</key>
		<dict>
			<key>fileRef</key>
			<string>36867465D0A5899C0758FC10</string>
			<key>isa</key>
			<string>PBXBuildFile</string>
		</dict>
		<key>368671B99B1133D6C9AE8517</key>
		<dict>
			<key>buildSettings</key>
			<dict>
				<key>BUNDLE_LOADER</key>
				<string>$(BUILT_PRODUCTS_DIR)/iOS-Animation.app/iOS-Animation</string>
				<key>FRAMEWORK_SEARCH_PATHS</key>
				<array>
					<string>"$(SDKROOT)/Developer/Library/Frameworks"</string>
					<string>"$(DEVELOPER_LIBRARY_DIR)/Frameworks"</string>
				</array>
				<key>GCC_PRECOMPILE_PREFIX_HEADER</key>
				<string>YES</string>
				<key>GCC_PREFIX_HEADER</key>
				<string>iOS-Animation/iOS-Animation-Prefix.pch</string>
				<key>INFOPLIST_FILE</key>
				<string>iOS-AnimationTests/iOS-AnimationTests-Info.plist</string>
				<key>PRODUCT_NAME</key>
				<string>$(TARGET_NAME)</string>
				<key>TEST_HOST</key>
				<string>$(BUNDLE_LOADER)</string>
				<key>WRAPPER_EXTENSION</key>
				<string>octest</string>
			</dict>
			<key>isa</key>
			<string>XCBuildConfiguration</string>
			<key>name</key>
			<string>Release</string>
		</dict>
		<key>368671CECE82FCA9D07EA933</key>
		<dict>
			<key>isa</key>
			<string>PBXFileReference</string>
			<key>lastKnownFileType</key>
			<string>sourcecode.c.objc</string>
			<key>path</key>
			<string>iOS_AnimationTests.m</string>
			<key>sourceTree</key>
			<string>&lt;group&gt;</string>
		</dict>
		<key>368671F409206AA6B2CBC1C9</key>
		<dict>
			<key>containerPortal</key>
			<string>36867EA53BD832F3E1FBA39E</string>
			<key>isa</key>
			<string>PBXContainerItemProxy</string>
			<key>proxyType</key>
			<string>1</string>
			<key>remoteGlobalIDString</key>
			<string>3686768B4BBB58BF48415496</string>
			<key>remoteInfo</key>
			<string>iOS-Animation</string>
		</dict>
		<key>3686720DB5406268D41A9BA6</key>
		<dict>
			<key>isa</key>
			<string>PBXTargetDependency</string>
			<key>target</key>
			<string>3686768B4BBB58BF48415496</string>
			<key>targetProxy</key>
			<string>368671F409206AA6B2CBC1C9</string>
		</dict>
		<key>3686725F90E80A8A8D03DEB5</key>
		<dict>
			<key>isa</key>
			<string>PBXFileReference</string>
			<key>lastKnownFileType</key>
			<string>sourcecode.c.h</string>
			<key>path</key>
			<string>iOS-Animation-Prefix.pch</string>
			<key>sourceTree</key>
			<string>&lt;group&gt;</string>
		</dict>
		<key>3686726B0F7A012B893D34D6</key>
		<dict>
			<key>isa</key>
			<string>PBXFileReference</string>
			<key>lastKnownFileType</key>
			<string>sourcecode.c.h</string>
			<key>path</key>
			<string>iOS_AnimationTests.h</string>
			<key>sourceTree</key>
			<string>&lt;group&gt;</string>
		</dict>
		<key>368672CB207F7CB96C06F78E</key>
		<dict>
			<key>children</key>
			<array>
				<string>36867E6F744E2E6AB72363BB</string>
				<string>3686730D1F74CD48DCF14774</string>
				<string>36867C7B013762120ED29237</string>
				<string>368676DEA6C388C86AFBE8B1</string>
				<string>3555EC600AF44DD8B6B09C33</string>
			</array>
			<key>isa</key>
			<string>PBXGroup</string>
			<key>sourceTree</key>
			<string>&lt;group&gt;</string>
		</dict>
		<key>3686730D1F74CD48DCF14774</key>
		<dict>
			<key>children</key>
			<array>
				<string>36867ED03F16A542C748F93C</string>
				<string>368678E35535A452E59D29D6</string>
				<string>36867FE07B5D7D9A4128855B</string>
				<string>36867C352185ED610B6AEA01</string>
				<string>DE392448B3104193BA6D68EB</string>
			</array>
			<key>isa</key>
			<string>PBXGroup</string>
			<key>name</key>
			<string>Frameworks</string>
			<key>sourceTree</key>
			<string>&lt;group&gt;</string>
		</dict>
		<key>3686739429B42B243ACD2E00</key>
		<dict>
			<key>buildActionMask</key>
			<string>2147483647</string>
			<key>files</key>
			<array>
				<string>36867D1FDFBF5406300B0F6A</string>
				<string>36867DD1A5BC28FA506405BD</string>
				<string>36867B1CB8E4004074388C40</string>
			</array>
			<key>isa</key>
			<string>PBXFrameworksBuildPhase</string>
			<key>runOnlyForDeploymentPostprocessing</key>
			<string>0</string>
		</dict>
		<key>368673AE83B344CB6D4CA6C7</key>
		<dict>
			<key>isa</key>
			<string>PBXFileReference</string>
			<key>lastKnownFileType</key>
			<string>image.png</string>
			<key>path</key>
			<string>Default@2x.png</string>
			<key>sourceTree</key>
			<string>&lt;group&gt;</string>
		</dict>
		<key>368673F0BF2414D1CC475AB6</key>
		<dict>
			<key>buildConfigurations</key>
			<array>
				<string>36867EEA30125A8A99575070</string>
				<string>368674C1FDCF36CCD2943558</string>
			</array>
			<key>defaultConfigurationIsVisible</key>
			<string>0</string>
			<key>isa</key>
			<string>XCConfigurationList</string>
		</dict>
		<key>36867465D0A5899C0758FC10</key>
		<dict>
			<key>isa</key>
			<string>PBXFileReference</string>
			<key>lastKnownFileType</key>
			<string>sourcecode.c.objc</string>
			<key>path</key>
			<string>AppDelegate.m</string>
			<key>sourceTree</key>
			<string>&lt;group&gt;</string>
		</dict>
		<key>368674A92154BFF197CFD39B</key>
		<dict>
			<key>fileRef</key>
			<string>368671CECE82FCA9D07EA933</string>
			<key>isa</key>
			<string>PBXBuildFile</string>
		</dict>
		<key>368674C1FDCF36CCD2943558</key>
		<dict>
			<key>baseConfigurationReference</key>
			<string>3555EC600AF44DD8B6B09C33</string>
			<key>buildSettings</key>
			<dict>
				<key>GCC_PRECOMPILE_PREFIX_HEADER</key>
				<string>YES</string>
				<key>GCC_PREFIX_HEADER</key>
				<string>iOS-Animation/iOS-Animation-Prefix.pch</string>
				<key>INFOPLIST_FILE</key>
				<string>iOS-Animation/iOS-Animation-Info.plist</string>
				<key>PRODUCT_NAME</key>
				<string>$(TARGET_NAME)</string>
				<key>WRAPPER_EXTENSION</key>
				<string>app</string>
			</dict>
			<key>isa</key>
			<string>XCBuildConfiguration</string>
			<key>name</key>
			<string>Debug</string>
		</dict>
		<key>368675A9E8F55B43578286AC</key>
		<dict>
			<key>buildActionMask</key>
			<string>2147483647</string>
			<key>files</key>
			<array>
				<string>368674A92154BFF197CFD39B</string>
			</array>
			<key>isa</key>
			<string>PBXSourcesBuildPhase</string>
			<key>runOnlyForDeploymentPostprocessing</key>
			<string>0</string>
		</dict>
		<key>36867604683A3A1C22270278</key>
		<dict>
			<key>children</key>
			<array>
				<string>368670D0746D3C701E421D37</string>
			</array>
			<key>isa</key>
			<string>PBXVariantGroup</string>
			<key>name</key>
			<string>InfoPlist.strings</string>
			<key>sourceTree</key>
			<string>&lt;group&gt;</string>
		</dict>
		<key>3686768B4BBB58BF48415496</key>
		<dict>
			<key>buildConfigurationList</key>
			<string>368673F0BF2414D1CC475AB6</string>
			<key>buildPhases</key>
			<array>
				<string>368678400C03AE5BC3B10688</string>
				<string>36867FC36FBF2855525B23E1</string>
				<string>36867FA4B5E6F88AEA1F94AF</string>
				<string>5AC34DA481754A65A74340D4</string>
			</array>
			<key>buildRules</key>
			<array/>
			<key>dependencies</key>
			<array/>
			<key>isa</key>
			<string>PBXNativeTarget</string>
			<key>name</key>
			<string>iOS-Animation</string>
			<key>productName</key>
			<string>iOS-Animation</string>
			<key>productReference</key>
			<string>3686787CFE3E683081357993</string>
			<key>productType</key>
			<string>com.apple.product-type.application</string>
		</dict>
		<key>368676DEA6C388C86AFBE8B1</key>
		<dict>
			<key>children</key>
			<array>
				<string>3686718FBA737D924A082D81</string>
				<string>3686726B0F7A012B893D34D6</string>
				<string>368671CECE82FCA9D07EA933</string>
			</array>
			<key>isa</key>
			<string>PBXGroup</string>
			<key>path</key>
			<string>iOS-AnimationTests</string>
			<key>sourceTree</key>
			<string>&lt;group&gt;</string>
		</dict>
		<key>368677695F84A1ACEA972E0C</key>
		<dict>
			<key>buildSettings</key>
			<dict>
				<key>ALWAYS_SEARCH_USER_PATHS</key>
				<string>NO</string>
				<key>CLANG_CXX_LANGUAGE_STANDARD</key>
				<string>gnu++0x</string>
				<key>CLANG_CXX_LIBRARY</key>
				<string>libc++</string>
				<key>CLANG_ENABLE_OBJC_ARC</key>
				<string>YES</string>
				<key>CLANG_WARN_EMPTY_BODY</key>
				<string>YES</string>
				<key>CLANG_WARN__DUPLICATE_METHOD_MATCH</key>
				<string>YES</string>
				<key>CODE_SIGN_IDENTITY[sdk=iphoneos*]</key>
				<string>iPhone Developer</string>
				<key>COPY_PHASE_STRIP</key>
				<string>YES</string>
				<key>GCC_C_LANGUAGE_STANDARD</key>
				<string>gnu99</string>
				<key>GCC_WARN_ABOUT_RETURN_TYPE</key>
				<string>YES</string>
				<key>GCC_WARN_UNINITIALIZED_AUTOS</key>
				<string>YES</string>
				<key>GCC_WARN_UNUSED_VARIABLE</key>
				<string>YES</string>
				<key>IPHONEOS_DEPLOYMENT_TARGET</key>
				<string>6.0</string>
				<key>OTHER_CFLAGS</key>
				<string>-DNS_BLOCK_ASSERTIONS=1</string>
				<key>SDKROOT</key>
				<string>iphoneos</string>
				<key>VALIDATE_PRODUCT</key>
				<string>YES</string>
			</dict>
			<key>isa</key>
			<string>XCBuildConfiguration</string>
			<key>name</key>
			<string>Release</string>
		</dict>
		<key>368677A2D37C7C414A264F5D</key>
		<dict>
			<key>isa</key>
			<string>PBXFileReference</string>
			<key>lastKnownFileType</key>
			<string>image.png</string>
			<key>path</key>
			<string>Default.png</string>
			<key>sourceTree</key>
			<string>&lt;group&gt;</string>
		</dict>
		<key>368678400C03AE5BC3B10688</key>
		<dict>
			<key>buildActionMask</key>
			<string>2147483647</string>
			<key>files</key>
			<array>
				<string>368679724B60881AED5F5FD1</string>
				<string>368671B67EC4237D688A6EF0</string>
			</array>
			<key>isa</key>
			<string>PBXSourcesBuildPhase</string>
			<key>runOnlyForDeploymentPostprocessing</key>
			<string>0</string>
		</dict>
		<key>3686787CFE3E683081357993</key>
		<dict>
			<key>explicitFileType</key>
			<string>wrapper.application</string>
			<key>includeInIndex</key>
			<string>0</string>
			<key>isa</key>
			<string>PBXFileReference</string>
			<key>path</key>
			<string>iOS-Animation.app</string>
			<key>sourceTree</key>
			<string>BUILT_PRODUCTS_DIR</string>
		</dict>
		<key>368678A636D4EF60DBABF9E4</key>
		<dict>
			<key>fileRef</key>
			<string>368678E35535A452E59D29D6</string>
			<key>isa</key>
			<string>PBXBuildFile</string>
		</dict>
		<key>368678DBE46F556C67A58D51</key>
		<dict>
			<key>fileRef</key>
			<string>368677A2D37C7C414A264F5D</string>
			<key>isa</key>
			<string>PBXBuildFile</string>
		</dict>
		<key>368678E31846365252046E0C</key>
		<dict>
			<key>buildSettings</key>
			<dict>
				<key>BUNDLE_LOADER</key>
				<string>$(BUILT_PRODUCTS_DIR)/iOS-Animation.app/iOS-Animation</string>
				<key>FRAMEWORK_SEARCH_PATHS</key>
				<array>
					<string>"$(SDKROOT)/Developer/Library/Frameworks"</string>
					<string>"$(DEVELOPER_LIBRARY_DIR)/Frameworks"</string>
				</array>
				<key>GCC_PRECOMPILE_PREFIX_HEADER</key>
				<string>YES</string>
				<key>GCC_PREFIX_HEADER</key>
				<string>iOS-Animation/iOS-Animation-Prefix.pch</string>
				<key>INFOPLIST_FILE</key>
				<string>iOS-AnimationTests/iOS-AnimationTests-Info.plist</string>
				<key>PRODUCT_NAME</key>
				<string>$(TARGET_NAME)</string>
				<key>TEST_HOST</key>
				<string>$(BUNDLE_LOADER)</string>
				<key>WRAPPER_EXTENSION</key>
				<string>octest</string>
			</dict>
			<key>isa</key>
			<string>XCBuildConfiguration</string>
			<key>name</key>
			<string>Debug</string>
		</dict>
		<key>368678E35535A452E59D29D6</key>
		<dict>
			<key>isa</key>
			<string>PBXFileReference</string>
			<key>lastKnownFileType</key>
			<string>wrapper.framework</string>
			<key>name</key>
			<string>Foundation.framework</string>
			<key>path</key>
			<string>System/Library/Frameworks/Foundation.framework</string>
			<key>sourceTree</key>
			<string>SDKROOT</string>
		</dict>
		<key>36867913451338786976364D</key>
		<dict>
			<key>buildActionMask</key>
			<string>2147483647</string>
			<key>files</key>
			<array/>
			<key>inputPaths</key>
			<array/>
			<key>isa</key>
			<string>PBXShellScriptBuildPhase</string>
			<key>outputPaths</key>
			<array/>
			<key>runOnlyForDeploymentPostprocessing</key>
			<string>0</string>
			<key>shellPath</key>
			<string>/bin/sh</string>
			<key>shellScript</key>
			<string># Run the unit tests in this test bundle.
"${SYSTEM_DEVELOPER_DIR}/Tools/RunUnitTests"
</string>
		</dict>
		<key>36867939DCEBC8D1CC3F0113</key>
		<dict>
			<key>isa</key>
			<string>PBXFileReference</string>
			<key>lastKnownFileType</key>
			<string>text.plist.info</string>
			<key>path</key>
			<string>iOS-AnimationTests-Info.plist</string>
			<key>sourceTree</key>
			<string>&lt;group&gt;</string>
		</dict>
		<key>368679724B60881AED5F5FD1</key>
		<dict>
			<key>fileRef</key>
			<string>36867D474EB20C44FE2FFADA</string>
			<key>isa</key>
			<string>PBXBuildFile</string>
		</dict>
		<key>368679B2D6276128C0919026</key>
		<dict>
			<key>isa</key>
			<string>PBXFileReference</string>
			<key>lastKnownFileType</key>
			<string>text.plist.strings</string>
			<key>name</key>
			<string>en</string>
			<key>path</key>
			<string>en.lproj/InfoPlist.strings</string>
			<key>sourceTree</key>
			<string>&lt;group&gt;</string>
		</dict>
		<key>36867A230E03F07BA77266B0</key>
		<dict>
			<key>fileRef</key>
			<string>36867FE07B5D7D9A4128855B</string>
			<key>isa</key>
			<string>PBXBuildFile</string>
		</dict>
		<key>36867ACE07912816B79EA1BC</key>
		<dict>
			<key>buildConfigurations</key>
			<array>
				<string>368671B99B1133D6C9AE8517</string>
				<string>368678E31846365252046E0C</string>
			</array>
			<key>defaultConfigurationIsVisible</key>
			<string>0</string>
			<key>isa</key>
			<string>XCConfigurationList</string>
		</dict>
		<key>36867AD5A2A6C3A3F14EBE51</key>
		<dict>
			<key>children</key>
			<array>
				<string>368679B2D6276128C0919026</string>
			</array>
			<key>isa</key>
			<string>PBXVariantGroup</string>
			<key>name</key>
			<string>InfoPlist.strings</string>
			<key>sourceTree</key>
			<string>&lt;group&gt;</string>
		</dict>
		<key>36867AF6F5DC7496BFB52848</key>
		<dict>
			<key>buildConfigurations</key>
			<array>
				<string>368677695F84A1ACEA972E0C</string>
				<string>36867D11DA50FBC7B3535C77</string>
			</array>
			<key>defaultConfigurationIsVisible</key>
			<string>0</string>
			<key>defaultConfigurationName</key>
			<string>Release</string>
			<key>isa</key>
			<string>XCConfigurationList</string>
		</dict>
		<key>36867B1CB8E4004074388C40</key>
		<dict>
			<key>fileRef</key>
			<string>368678E35535A452E59D29D6</string>
			<key>isa</key>
			<string>PBXBuildFile</string>
		</dict>
		<key>36867C184A9F07A9BE02333D</key>
		<dict>
			<key>buildActionMask</key>
			<string>2147483647</string>
			<key>files</key>
			<array>
				<string>36867F409EEC424A3D4822A9</string>
			</array>
			<key>isa</key>
			<string>PBXResourcesBuildPhase</string>
			<key>runOnlyForDeploymentPostprocessing</key>
			<string>0</string>
		</dict>
		<key>36867C1E8717B9C5653D9DE0</key>
		<dict>
			<key>fileRef</key>
			<string>36867E90CEB302AC4B598830</string>
			<key>isa</key>
			<string>PBXBuildFile</string>
		</dict>
		<key>36867C1F49F941961B6D0196</key>
		<dict>
			<key>buildConfigurationList</key>
			<string>36867ACE07912816B79EA1BC</string>
			<key>buildPhases</key>
			<array>
				<string>368675A9E8F55B43578286AC</string>
				<string>3686739429B42B243ACD2E00</string>
				<string>36867C184A9F07A9BE02333D</string>
				<string>36867913451338786976364D</string>
			</array>
			<key>buildRules</key>
			<array/>
			<key>dependencies</key>
			<array>
				<string>3686720DB5406268D41A9BA6</string>
			</array>
			<key>isa</key>
			<string>PBXNativeTarget</string>
			<key>name</key>
			<string>iOS-AnimationTests</string>
			<key>productName</key>
			<string>iOS-AnimationTests</string>
			<key>productReference</key>
			<string>36867141E3B867EF46E1DBB7</string>
			<key>productType</key>
			<string>com.apple.product-type.bundle</string>
		</dict>
		<key>36867C3172D1083E4850F1D3</key>
		<dict>
			<key>isa</key>
			<string>PBXFileReference</string>
			<key>lastKnownFileType</key>
			<string>text.plist.info</string>
			<key>path</key>
			<string>iOS-Animation-Info.plist</string>
			<key>sourceTree</key>
			<string>&lt;group&gt;</string>
		</dict>
		<key>36867C352185ED610B6AEA01</key>
		<dict>
			<key>isa</key>
			<string>PBXFileReference</string>
			<key>lastKnownFileType</key>
			<string>wrapper.framework</string>
			<key>name</key>
			<string>SenTestingKit.framework</string>
			<key>path</key>
			<string>Library/Frameworks/SenTestingKit.framework</string>
			<key>sourceTree</key>
			<string>DEVELOPER_DIR</string>
		</dict>
		<key>36867C685CA4A7018C4BCC9D</key>
		<dict>
			<key>children</key>
			<array>
				<string>36867C3172D1083E4850F1D3</string>
				<string>36867604683A3A1C22270278</string>
				<string>36867D474EB20C44FE2FFADA</string>
				<string>3686725F90E80A8A8D03DEB5</string>
				<string>368677A2D37C7C414A264F5D</string>
				<string>368673AE83B344CB6D4CA6C7</string>
				<string>36867E90CEB302AC4B598830</string>
			</array>
			<key>isa</key>
			<string>PBXGroup</string>
			<key>name</key>
			<string>Supporting Files</string>
			<key>sourceTree</key>
			<string>&lt;group&gt;</string>
		</dict>
		<key>36867C7B013762120ED29237</key>
		<dict>
			<key>children</key>
			<array>
				<string>36867C685CA4A7018C4BCC9D</string>
				<string>3686707659AC63BB66551C2E</string>
				<string>36867465D0A5899C0758FC10</string>
			</array>
			<key>isa</key>
			<string>PBXGroup</string>
			<key>path</key>
			<string>iOS-Animation</string>
			<key>sourceTree</key>
			<string>&lt;group&gt;</string>
		</dict>
		<key>36867D11DA50FBC7B3535C77</key>
		<dict>
			<key>buildSettings</key>
			<dict>
				<key>ALWAYS_SEARCH_USER_PATHS</key>
				<string>NO</string>
				<key>CLANG_CXX_LANGUAGE_STANDARD</key>
				<string>gnu++0x</string>
				<key>CLANG_CXX_LIBRARY</key>
				<string>libc++</string>
				<key>CLANG_ENABLE_OBJC_ARC</key>
				<string>YES</string>
				<key>CLANG_WARN_EMPTY_BODY</key>
				<string>YES</string>
				<key>CLANG_WARN__DUPLICATE_METHOD_MATCH</key>
				<string>YES</string>
				<key>CODE_SIGN_IDENTITY[sdk=iphoneos*]</key>
				<string>iPhone Developer</string>
				<key>COPY_PHASE_STRIP</key>
				<string>NO</string>
				<key>GCC_C_LANGUAGE_STANDARD</key>
				<string>gnu99</string>
				<key>GCC_DYNAMIC_NO_PIC</key>
				<string>NO</string>
				<key>GCC_OPTIMIZATION_LEVEL</key>
				<string>0</string>
				<key>GCC_PREPROCESSOR_DEFINITIONS</key>
				<array>
					<string>DEBUG=1</string>
					<string>$(inherited)</string>
				</array>
				<key>GCC_SYMBOLS_PRIVATE_EXTERN</key>
				<string>NO</string>
				<key>GCC_WARN_ABOUT_RETURN_TYPE</key>
				<string>YES</string>
				<key>GCC_WARN_UNINITIALIZED_AUTOS</key>
				<string>YES</string>
				<key>GCC_WARN_UNUSED_VARIABLE</key>
				<string>YES</string>
				<key>IPHONEOS_DEPLOYMENT_TARGET</key>
				<string>6.0</string>
				<key>ONLY_ACTIVE_ARCH</key>
				<string>YES</string>
				<key>SDKROOT</key>
				<string>iphoneos</string>
			</dict>
			<key>isa</key>
			<string>XCBuildConfiguration</string>
			<key>name</key>
			<string>Debug</string>
		</dict>
		<key>36867D1FDFBF5406300B0F6A</key>
		<dict>
			<key>fileRef</key>
			<string>36867C352185ED610B6AEA01</string>
			<key>isa</key>
			<string>PBXBuildFile</string>
		</dict>
		<key>36867D474EB20C44FE2FFADA</key>
		<dict>
			<key>isa</key>
			<string>PBXFileReference</string>
			<key>lastKnownFileType</key>
			<string>sourcecode.c.objc</string>
			<key>path</key>
			<string>main.m</string>
			<key>sourceTree</key>
			<string>&lt;group&gt;</string>
		</dict>
		<key>36867DD1A5BC28FA506405BD</key>
		<dict>
			<key>fileRef</key>
			<string>36867ED03F16A542C748F93C</string>
			<key>isa</key>
			<string>PBXBuildFile</string>
		</dict>
		<key>36867DE6604B3926BA1A4605</key>
		<dict>
			<key>fileRef</key>
			<string>368673AE83B344CB6D4CA6C7</string>
			<key>isa</key>
			<string>PBXBuildFile</string>
		</dict>
		<key>36867E6F744E2E6AB72363BB</key>
		<dict>
			<key>children</key>
			<array>
				<string>3686787CFE3E683081357993</string>
				<string>36867141E3B867EF46E1DBB7</string>
			</array>
			<key>isa</key>
			<string>PBXGroup</string>
			<key>name</key>
			<string>Products</string>
			<key>sourceTree</key>
			<string>&lt;group&gt;</string>
		</dict>
		<key>36867E90CEB302AC4B598830</key>
		<dict>
			<key>isa</key>
			<string>PBXFileReference</string>
			<key>lastKnownFileType</key>
			<string>image.png</string>
			<key>path</key>
			<string>Default-568h@2x.png</string>
			<key>sourceTree</key>
			<string>&lt;group&gt;</string>
		</dict>
		<key>36867EA53BD832F3E1FBA39E</key>
		<dict>
			<key>buildConfigurationList</key>
			<string>36867AF6F5DC7496BFB52848</string>
			<key>compatibilityVersion</key>
			<string>Xcode 3.2</string>
			<key>developmentRegion</key>
			<string>English</string>
			<key>hasScannedForEncodings</key>
			<string>0</string>
			<key>isa</key>
			<string>PBXProject</string>
			<key>knownRegions</key>
			<array>
				<string>en</string>
			</array>
			<key>mainGroup</key>
			<string>368672CB207F7CB96C06F78E</string>
			<key>productRefGroup</key>
			<string>36867E6F744E2E6AB72363BB</string>
			<key>projectDirPath</key>
			<string></string>
			<key>projectReferences</key>
			<array/>
			<key>projectRoot</key>
			<string></string>
			<key>targets</key>
			<array>
				<string>3686768B4BBB58BF48415496</string>
				<string>36867C1F49F941961B6D0196</string>
			</array>
		</dict>
		<key>36867ED03F16A542C748F93C</key>
		<dict>
			<key>isa</key>
			<string>PBXFileReference</string>
			<key>lastKnownFileType</key>
			<string>wrapper.framework</string>
			<key>name</key>
			<string>UIKit.framework</string>
			<key>path</key>
			<string>System/Library/Frameworks/UIKit.framework</string>
			<key>sourceTree</key>
			<string>SDKROOT</string>
		</dict>
		<key>36867EEA30125A8A99575070</key>
		<dict>
			<key>baseConfigurationReference</key>
			<string>3555EC600AF44DD8B6B09C33</string>
			<key>buildSettings</key>
			<dict>
				<key>GCC_PRECOMPILE_PREFIX_HEADER</key>
				<string>YES</string>
				<key>GCC_PREFIX_HEADER</key>
				<string>iOS-Animation/iOS-Animation-Prefix.pch</string>
				<key>INFOPLIST_FILE</key>
				<string>iOS-Animation/iOS-Animation-Info.plist</string>
				<key>PRODUCT_NAME</key>
				<string>$(TARGET_NAME)</string>
				<key>WRAPPER_EXTENSION</key>
				<string>app</string>
			</dict>
			<key>isa</key>
			<string>XCBuildConfiguration</string>
			<key>name</key>
			<string>Release</string>
		</dict>
		<key>36867F409EEC424A3D4822A9</key>
		<dict>
			<key>fileRef</key>
			<string>36867AD5A2A6C3A3F14EBE51</string>
			<key>isa</key>
			<string>PBXBuildFile</string>
		</dict>
		<key>36867FA4B5E6F88AEA1F94AF</key>
		<dict>
			<key>buildActionMask</key>
			<string>2147483647</string>
			<key>files</key>
			<array>
				<string>368670D3617775D85A04C03E</string>
				<string>368678DBE46F556C67A58D51</string>
				<string>36867DE6604B3926BA1A4605</string>
				<string>36867C1E8717B9C5653D9DE0</string>
			</array>
			<key>isa</key>
			<string>PBXResourcesBuildPhase</string>
			<key>runOnlyForDeploymentPostprocessing</key>
			<string>0</string>
		</dict>
		<key>36867FC36FBF2855525B23E1</key>
		<dict>
			<key>buildActionMask</key>
			<string>2147483647</string>
			<key>files</key>
			<array>
				<string>36867162EB9E2263A9F3CA31</string>
				<string>368678A636D4EF60DBABF9E4</string>
				<string>36867A230E03F07BA77266B0</string>
				<string>5A0FAAD5F43244EEA9C30766</string>
			</array>
			<key>isa</key>
			<string>PBXFrameworksBuildPhase</string>
			<key>runOnlyForDeploymentPostprocessing</key>
			<string>0</string>
		</dict>
		<key>36867FE07B5D7D9A4128855B</key>
		<dict>
			<key>isa</key>
			<string>PBXFileReference</string>
			<key>lastKnownFileType</key>
			<string>wrapper.framework</string>
			<key>name</key>
			<string>CoreGraphics.framework</string>
			<key>path</key>
			<string>System/Library/Frameworks/CoreGraphics.framework</string>
			<key>sourceTree</key>
			<string>SDKROOT</string>
		</dict>
		<key>5A0FAAD5F43244EEA9C30766</key>
		<dict>
			<key>fileRef</key>
			<string>DE392448B3104193BA6D68EB</string>
			<key>isa</key>
			<string>PBXBuildFile</string>
			<key>settings</key>
			<dict/>
		</dict>
		<key>5AC34DA481754A65A74340D4</key>
		<dict>
			<key>buildActionMask</key>
			<string>2147483647</string>
			<key>files</key>
			<array/>
			<key>inputPaths</key>
			<array/>
			<key>isa</key>
			<string>PBXShellScriptBuildPhase</string>
			<key>name</key>
			<string>Copy Pods Resources</string>
			<key>outputPaths</key>
			<array/>
			<key>runOnlyForDeploymentPostprocessing</key>
			<string>0</string>
			<key>shellPath</key>
			<string>/bin/sh</string>
			<key>shellScript</key>
			<string>"${SRCROOT}/Pods/Pods-resources.sh"
</string>
			<key>showEnvVarsInLog</key>
			<string>1</string>
		</dict>
		<key>DE392448B3104193BA6D68EB</key>
		<dict>
			<key>explicitFileType</key>
			<string>archive.ar</string>
			<key>includeInIndex</key>
			<string>0</string>
			<key>isa</key>
			<string>PBXFileReference</string>
			<key>name</key>
			<string>libPods.a</string>
			<key>path</key>
			<string>libPods.a</string>
			<key>sourceTree</key>
			<string>BUILT_PRODUCTS_DIR</string>
		</dict>
	</dict>
	<key>rootObject</key>
	<string>36867EA53BD832F3E1FBA39E</string>
</dict>
</plist>
