<?xml version="1.0" encoding="UTF-8"?>
<Scheme
   version = "1.3">
   <BuildAction>
      <BuildActionEntries>
         <BuildActionEntry
            buildForRunning = "YES">
            <BuildableReference
               BuildableIdentifier = "primary"
               BlueprintIdentifier = "3686768B4BBB58BF48415496"
               BuildableName = "iOS-Animation.app"
               BlueprintName = "iOS-Animation"
               ReferencedContainer = "container:iOS-Animation.xcodeproj">
            </BuildableReference>
         </BuildActionEntry>
      </BuildActionEntries>
   </BuildAction>
   <LaunchAction
      useCustomWorkingDirectory = "NO"
      buildConfiguration = "Debug">
      <BuildableProductRunnable>
         <BuildableReference
            BuildableIdentifier = "primary"
            BlueprintIdentifier = "3686768B4BBB58BF48415496"
            BuildableName = "iOS-Animation.app"
            BlueprintName = "iOS-Animation"
            ReferencedContainer = "container:iOS-Animation.xcodeproj">
         </BuildableReference>
      </BuildableProductRunnable>
   </LaunchAction>
</Scheme>
